
Microsoft Visual Studio Solution File, Format Version 12.00
# Visual Studio 2013
VisualStudioVersion = 12.0.21005.1
MinimumVisualStudioVersion = 10.0.40219.1
Project("{FAE04EC0-301F-11D3-BF4B-00C04F79EFBC}") = "DataManager", "DataManager\DataManager.csproj", "{42FE1690-17E0-44FE-8597-F5BB1A4B27F3}"
EndProject
Project("{FAE04EC0-301F-11D3-BF4B-00C04F79EFBC}") = "Lib.Data.Excel", "Lib.Data.Excel\Lib.Data.Excel.csproj", "{610E988A-32D3-44D3-AC88-10CCE745F9D7}"
EndProject
Project("{FAE04EC0-301F-11D3-BF4B-00C04F79EFBC}") = "Lib.Data.OraDbHelper", "Lib.Data.OraDbHelper\Lib.Data.OraDbHelper.csproj", "{4E7CEAB2-3BD5-4A45-83FD-426D257CD227}"
EndProject
Project("{FAE04EC0-301F-11D3-BF4B-00C04F79EFBC}") = "RegionProcess", "RegionProcess\RegionProcess.csproj", "{CA606F1E-A925-4B27-AB50-D8594950B0EB}"
EndProject
Project("{FAE04EC0-301F-11D3-BF4B-00C04F79EFBC}") = "StatsProcess", "StatProcess\StatsProcess.csproj", "{6307EF7B-C3A2-4300-B372-73BE512F89C9}"
EndProject
Project("{FAE04EC0-301F-11D3-BF4B-00C04F79EFBC}") = "Lib.Base.Define", "Lib.Base.Define\Lib.Base.Define.csproj", "{27B02933-94A9-4D8F-8F37-81CF1F0491EF}"
EndProject
Project("{FAE04EC0-301F-11D3-BF4B-00C04F79EFBC}") = "CultureBody", "CultureBody\CultureBody.csproj", "{BED8D23D-4403-4BAF-8FA6-FA443E052339}"
EndProject
Project("{FAE04EC0-301F-11D3-BF4B-00C04F79EFBC}") = "Lib.Data.AddressMatching", "Lib.Data.AddressMatching\Lib.Data.AddressMatching.csproj", "{82B8B3E6-7FF5-4C3C-A038-26AFBD7182A2}"
EndProject
Project("{FAE04EC0-301F-11D3-BF4B-00C04F79EFBC}") = "satics_school", "satics_school\satics_school.csproj", "{98EA0D09-1E9F-4DA4-AB77-F3B566E907D1}"
EndProject
Global
	GlobalSection(SolutionConfigurationPlatforms) = preSolution
		Debug|Any CPU = Debug|Any CPU
		Debug|Mixed Platforms = Debug|Mixed Platforms
		Debug|x64 = Debug|x64
		Debug|x86 = Debug|x86
		Release|Any CPU = Release|Any CPU
		Release|Mixed Platforms = Release|Mixed Platforms
		Release|x64 = Release|x64
		Release|x86 = Release|x86
	EndGlobalSection
	GlobalSection(ProjectConfigurationPlatforms) = postSolution
		{42FE1690-17E0-44FE-8597-F5BB1A4B27F3}.Debug|Any CPU.ActiveCfg = Debug|x86
		{42FE1690-17E0-44FE-8597-F5BB1A4B27F3}.Debug|Any CPU.Build.0 = Debug|Any CPU
		{42FE1690-17E0-44FE-8597-F5BB1A4B27F3}.Debug|Mixed Platforms.ActiveCfg = Debug|x86
		{42FE1690-17E0-44FE-8597-F5BB1A4B27F3}.Debug|Mixed Platforms.Build.0 = Debug|x86
		{42FE1690-17E0-44FE-8597-F5BB1A4B27F3}.Debug|x64.ActiveCfg = Debug|x64
		{42FE1690-17E0-44FE-8597-F5BB1A4B27F3}.Debug|x86.ActiveCfg = Debug|x86
		{42FE1690-17E0-44FE-8597-F5BB1A4B27F3}.Debug|x86.Build.0 = Debug|x86
		{42FE1690-17E0-44FE-8597-F5BB1A4B27F3}.Release|Any CPU.ActiveCfg = Release|Any CPU
		{42FE1690-17E0-44FE-8597-F5BB1A4B27F3}.Release|Any CPU.Build.0 = Release|Any CPU
		{42FE1690-17E0-44FE-8597-F5BB1A4B27F3}.Release|Mixed Platforms.ActiveCfg = Release|x86
		{42FE1690-17E0-44FE-8597-F5BB1A4B27F3}.Release|Mixed Platforms.Build.0 = Release|x86
		{42FE1690-17E0-44FE-8597-F5BB1A4B27F3}.Release|x64.ActiveCfg = Release|Any CPU
		{42FE1690-17E0-44FE-8597-F5BB1A4B27F3}.Release|x86.ActiveCfg = Release|Any CPU
		{610E988A-32D3-44D3-AC88-10CCE745F9D7}.Debug|Any CPU.ActiveCfg = Debug|x86
		{610E988A-32D3-44D3-AC88-10CCE745F9D7}.Debug|Any CPU.Build.0 = Debug|x86
		{610E988A-32D3-44D3-AC88-10CCE745F9D7}.Debug|Mixed Platforms.ActiveCfg = Debug|x86
		{610E988A-32D3-44D3-AC88-10CCE745F9D7}.Debug|Mixed Platforms.Build.0 = Debug|x86
		{610E988A-32D3-44D3-AC88-10CCE745F9D7}.Debug|x64.ActiveCfg = Debug|x64
		{610E988A-32D3-44D3-AC88-10CCE745F9D7}.Debug|x64.Build.0 = Debug|x64
		{610E988A-32D3-44D3-AC88-10CCE745F9D7}.Debug|x86.ActiveCfg = Debug|x86
		{610E988A-32D3-44D3-AC88-10CCE745F9D7}.Debug|x86.Build.0 = Debug|x86
		{610E988A-32D3-44D3-AC88-10CCE745F9D7}.Release|Any CPU.ActiveCfg = Release|Any CPU
		{610E988A-32D3-44D3-AC88-10CCE745F9D7}.Release|Any CPU.Build.0 = Release|Any CPU
		{610E988A-32D3-44D3-AC88-10CCE745F9D7}.Release|Mixed Platforms.ActiveCfg = Release|x86
		{610E988A-32D3-44D3-AC88-10CCE745F9D7}.Release|Mixed Platforms.Build.0 = Release|x86
		{610E988A-32D3-44D3-AC88-10CCE745F9D7}.Release|x64.ActiveCfg = Release|Any CPU
		{610E988A-32D3-44D3-AC88-10CCE745F9D7}.Release|x86.ActiveCfg = Release|x86
		{610E988A-32D3-44D3-AC88-10CCE745F9D7}.Release|x86.Build.0 = Release|x86
		{4E7CEAB2-3BD5-4A45-83FD-426D257CD227}.Debug|Any CPU.ActiveCfg = Debug|x86
		{4E7CEAB2-3BD5-4A45-83FD-426D257CD227}.Debug|Any CPU.Build.0 = Debug|x86
		{4E7CEAB2-3BD5-4A45-83FD-426D257CD227}.Debug|Mixed Platforms.ActiveCfg = Debug|x86
		{4E7CEAB2-3BD5-4A45-83FD-426D257CD227}.Debug|Mixed Platforms.Build.0 = Debug|x86
		{4E7CEAB2-3BD5-4A45-83FD-426D257CD227}.Debug|x64.ActiveCfg = Debug|x64
		{4E7CEAB2-3BD5-4A45-83FD-426D257CD227}.Debug|x64.Build.0 = Debug|x64
		{4E7CEAB2-3BD5-4A45-83FD-426D257CD227}.Debug|x86.ActiveCfg = Debug|x86
		{4E7CEAB2-3BD5-4A45-83FD-426D257CD227}.Debug|x86.Build.0 = Debug|x86
		{4E7CEAB2-3BD5-4A45-83FD-426D257CD227}.Release|Any CPU.ActiveCfg = Release|Any CPU
		{4E7CEAB2-3BD5-4A45-83FD-426D257CD227}.Release|Any CPU.Build.0 = Release|Any CPU
		{4E7CEAB2-3BD5-4A45-83FD-426D257CD227}.Release|Mixed Platforms.ActiveCfg = Release|x86
		{4E7CEAB2-3BD5-4A45-83FD-426D257CD227}.Release|Mixed Platforms.Build.0 = Release|x86
		{4E7CEAB2-3BD5-4A45-83FD-426D257CD227}.Release|x64.ActiveCfg = Release|Any CPU
		{4E7CEAB2-3BD5-4A45-83FD-426D257CD227}.Release|x86.ActiveCfg = Release|x86
		{4E7CEAB2-3BD5-4A45-83FD-426D257CD227}.Release|x86.Build.0 = Release|x86
		{CA606F1E-A925-4B27-AB50-D8594950B0EB}.Debug|Any CPU.ActiveCfg = Debug|x86
		{CA606F1E-A925-4B27-AB50-D8594950B0EB}.Debug|Any CPU.Build.0 = Debug|Any CPU
		{CA606F1E-A925-4B27-AB50-D8594950B0EB}.Debug|Mixed Platforms.ActiveCfg = Debug|x86
		{CA606F1E-A925-4B27-AB50-D8594950B0EB}.Debug|Mixed Platforms.Build.0 = Debug|x86
		{CA606F1E-A925-4B27-AB50-D8594950B0EB}.Debug|x64.ActiveCfg = Debug|x64
		{CA606F1E-A925-4B27-AB50-D8594950B0EB}.Debug|x86.ActiveCfg = Debug|x86
		{CA606F1E-A925-4B27-AB50-D8594950B0EB}.Debug|x86.Build.0 = Debug|x86
		{CA606F1E-A925-4B27-AB50-D8594950B0EB}.Release|Any CPU.ActiveCfg = Release|Any CPU
		{CA606F1E-A925-4B27-AB50-D8594950B0EB}.Release|Any CPU.Build.0 = Release|Any CPU
		{CA606F1E-A925-4B27-AB50-D8594950B0EB}.Release|Mixed Platforms.ActiveCfg = Release|x86
		{CA606F1E-A925-4B27-AB50-D8594950B0EB}.Release|Mixed Platforms.Build.0 = Release|x86
		{CA606F1E-A925-4B27-AB50-D8594950B0EB}.Release|x64.ActiveCfg = Release|Any CPU
		{CA606F1E-A925-4B27-AB50-D8594950B0EB}.Release|x86.ActiveCfg = Release|x86
		{CA606F1E-A925-4B27-AB50-D8594950B0EB}.Release|x86.Build.0 = Release|x86
		{6307EF7B-C3A2-4300-B372-73BE512F89C9}.Debug|Any CPU.ActiveCfg = Debug|x86
		{6307EF7B-C3A2-4300-B372-73BE512F89C9}.Debug|Any CPU.Build.0 = Debug|Any CPU
		{6307EF7B-C3A2-4300-B372-73BE512F89C9}.Debug|Mixed Platforms.ActiveCfg = Debug|x86
		{6307EF7B-C3A2-4300-B372-73BE512F89C9}.Debug|Mixed Platforms.Build.0 = Debug|x86
		{6307EF7B-C3A2-4300-B372-73BE512F89C9}.Debug|x64.ActiveCfg = Debug|x64
		{6307EF7B-C3A2-4300-B372-73BE512F89C9}.Debug|x86.ActiveCfg = Debug|x86
		{6307EF7B-C3A2-4300-B372-73BE512F89C9}.Debug|x86.Build.0 = Debug|x86
		{6307EF7B-C3A2-4300-B372-73BE512F89C9}.Release|Any CPU.ActiveCfg = Release|Any CPU
		{6307EF7B-C3A2-4300-B372-73BE512F89C9}.Release|Any CPU.Build.0 = Release|Any CPU
		{6307EF7B-C3A2-4300-B372-73BE512F89C9}.Release|Mixed Platforms.ActiveCfg = Release|x86
		{6307EF7B-C3A2-4300-B372-73BE512F89C9}.Release|Mixed Platforms.Build.0 = Release|x86
		{6307EF7B-C3A2-4300-B372-73BE512F89C9}.Release|x64.ActiveCfg = Release|x64
		{6307EF7B-C3A2-4300-B372-73BE512F89C9}.Release|x64.Build.0 = Release|x64
		{6307EF7B-C3A2-4300-B372-73BE512F89C9}.Release|x86.ActiveCfg = Release|x86
		{6307EF7B-C3A2-4300-B372-73BE512F89C9}.Release|x86.Build.0 = Release|x86
		{27B02933-94A9-4D8F-8F37-81CF1F0491EF}.Debug|Any CPU.ActiveCfg = Debug|x64
		{27B02933-94A9-4D8F-8F37-81CF1F0491EF}.Debug|Any CPU.Build.0 = Debug|Any CPU
		{27B02933-94A9-4D8F-8F37-81CF1F0491EF}.Debug|Mixed Platforms.ActiveCfg = Debug|x64
		{27B02933-94A9-4D8F-8F37-81CF1F0491EF}.Debug|Mixed Platforms.Build.0 = Debug|Any CPU
		{27B02933-94A9-4D8F-8F37-81CF1F0491EF}.Debug|x64.ActiveCfg = Debug|x64
		{27B02933-94A9-4D8F-8F37-81CF1F0491EF}.Debug|x64.Build.0 = Debug|x64
		{27B02933-94A9-4D8F-8F37-81CF1F0491EF}.Debug|x86.ActiveCfg = Debug|x64
		{27B02933-94A9-4D8F-8F37-81CF1F0491EF}.Release|Any CPU.ActiveCfg = Release|Any CPU
		{27B02933-94A9-4D8F-8F37-81CF1F0491EF}.Release|Any CPU.Build.0 = Release|Any CPU
		{27B02933-94A9-4D8F-8F37-81CF1F0491EF}.Release|Mixed Platforms.ActiveCfg = Release|Any CPU
		{27B02933-94A9-4D8F-8F37-81CF1F0491EF}.Release|Mixed Platforms.Build.0 = Release|Any CPU
		{27B02933-94A9-4D8F-8F37-81CF1F0491EF}.Release|x64.ActiveCfg = Release|Any CPU
		{27B02933-94A9-4D8F-8F37-81CF1F0491EF}.Release|x86.ActiveCfg = Release|Any CPU
		{BED8D23D-4403-4BAF-8FA6-FA443E052339}.Debug|Any CPU.ActiveCfg = Debug|x64
		{BED8D23D-4403-4BAF-8FA6-FA443E052339}.Debug|Mixed Platforms.ActiveCfg = Debug|x64
		{BED8D23D-4403-4BAF-8FA6-FA443E052339}.Debug|x64.ActiveCfg = Debug|x86
		{BED8D23D-4403-4BAF-8FA6-FA443E052339}.Debug|x86.ActiveCfg = Debug|x64
		{BED8D23D-4403-4BAF-8FA6-FA443E052339}.Release|Any CPU.ActiveCfg = Release|Any CPU
		{BED8D23D-4403-4BAF-8FA6-FA443E052339}.Release|Any CPU.Build.0 = Release|Any CPU
		{BED8D23D-4403-4BAF-8FA6-FA443E052339}.Release|Mixed Platforms.ActiveCfg = Release|Any CPU
		{BED8D23D-4403-4BAF-8FA6-FA443E052339}.Release|Mixed Platforms.Build.0 = Release|Any CPU
		{BED8D23D-4403-4BAF-8FA6-FA443E052339}.Release|x64.ActiveCfg = Release|Any CPU
		{BED8D23D-4403-4BAF-8FA6-FA443E052339}.Release|x86.ActiveCfg = Release|Any CPU
		{82B8B3E6-7FF5-4C3C-A038-26AFBD7182A2}.Debug|Any CPU.ActiveCfg = Debug|x64
		{82B8B3E6-7FF5-4C3C-A038-26AFBD7182A2}.Debug|Any CPU.Build.0 = Debug|Any CPU
		{82B8B3E6-7FF5-4C3C-A038-26AFBD7182A2}.Debug|Mixed Platforms.ActiveCfg = Debug|x64
		{82B8B3E6-7FF5-4C3C-A038-26AFBD7182A2}.Debug|Mixed Platforms.Build.0 = Debug|Any CPU
		{82B8B3E6-7FF5-4C3C-A038-26AFBD7182A2}.Debug|x64.ActiveCfg = Debug|x64
		{82B8B3E6-7FF5-4C3C-A038-26AFBD7182A2}.Debug|x64.Build.0 = Debug|x64
		{82B8B3E6-7FF5-4C3C-A038-26AFBD7182A2}.Debug|x86.ActiveCfg = Debug|x64
		{82B8B3E6-7FF5-4C3C-A038-26AFBD7182A2}.Release|Any CPU.ActiveCfg = Release|Any CPU
		{82B8B3E6-7FF5-4C3C-A038-26AFBD7182A2}.Release|Any CPU.Build.0 = Release|Any CPU
		{82B8B3E6-7FF5-4C3C-A038-26AFBD7182A2}.Release|Mixed Platforms.ActiveCfg = Release|Any CPU
		{82B8B3E6-7FF5-4C3C-A038-26AFBD7182A2}.Release|Mixed Platforms.Build.0 = Release|Any CPU
		{82B8B3E6-7FF5-4C3C-A038-26AFBD7182A2}.Release|x64.ActiveCfg = Release|Any CPU
		{82B8B3E6-7FF5-4C3C-A038-26AFBD7182A2}.Release|x86.ActiveCfg = Release|Any CPU
		{98EA0D09-1E9F-4DA4-AB77-F3B566E907D1}.Debug|Any CPU.ActiveCfg = Debug|Any CPU
		{98EA0D09-1E9F-4DA4-AB77-F3B566E907D1}.Debug|Any CPU.Build.0 = Debug|Any CPU
		{98EA0D09-1E9F-4DA4-AB77-F3B566E907D1}.Debug|Mixed Platforms.ActiveCfg = Debug|Any CPU
		{98EA0D09-1E9F-4DA4-AB77-F3B566E907D1}.Debug|Mixed Platforms.Build.0 = Debug|Any CPU
		{98EA0D09-1E9F-4DA4-AB77-F3B566E907D1}.Debug|x64.ActiveCfg = Debug|x64
		{98EA0D09-1E9F-4DA4-AB77-F3B566E907D1}.Debug|x86.ActiveCfg = Debug|x86
		{98EA0D09-1E9F-4DA4-AB77-F3B566E907D1}.Release|Any CPU.ActiveCfg = Release|Any CPU
		{98EA0D09-1E9F-4DA4-AB77-F3B566E907D1}.Release|Any CPU.Build.0 = Release|Any CPU
		{98EA0D09-1E9F-4DA4-AB77-F3B566E907D1}.Release|Mixed Platforms.ActiveCfg = Release|Any CPU
		{98EA0D09-1E9F-4DA4-AB77-F3B566E907D1}.Release|Mixed Platforms.Build.0 = Release|Any CPU
		{98EA0D09-1E9F-4DA4-AB77-F3B566E907D1}.Release|x64.ActiveCfg = Release|x64
		{98EA0D09-1E9F-4DA4-AB77-F3B566E907D1}.Release|x86.ActiveCfg = Release|Any CPU
	EndGlobalSection
	GlobalSection(SolutionProperties) = preSolution
		HideSolutionNode = FALSE
	EndGlobalSection
EndGlobal
